// !$*UTF8*$!
{
	archiveVersion = 1;
	classes = {
	};
	objectVersion = 56;
	objects = {

/* Begin PBXBuildFile section */
		A0F656652C8B900F002BF7D5 /* VipToDoerApp.swift in Sources */ = {isa = PBXBuildFile; fileRef = A0F656642C8B900F002BF7D5 /* VipToDoerApp.swift */; };
		A0F656672C8B900F002BF7D5 /* ContentView.swift in Sources */ = {isa = PBXBuildFile; fileRef = A0F656662C8B900F002BF7D5 /* ContentView.swift */; };
		A0F656692C8B9010002BF7D5 /* Assets.xcassets in Resources */ = {isa = PBXBuildFile; fileRef = A0F656682C8B9010002BF7D5 /* Assets.xcassets */; };
		A0F6566C2C8B9010002BF7D5 /* Preview Assets.xcassets in Resources */ = {isa = PBXBuildFile; fileRef = A0F6566B2C8B9010002BF7D5 /* Preview Assets.xcassets */; };
		A0F6566E2C8B9010002BF7D5 /* Persistence.swift in Sources */ = {isa = PBXBuildFile; fileRef = A0F6566D2C8B9010002BF7D5 /* Persistence.swift */; };
		A0F656712C8B9010002BF7D5 /* VipToDoer.xcdatamodeld in Sources */ = {isa = PBXBuildFile; fileRef = A0F6566F2C8B9010002BF7D5 /* VipToDoer.xcdatamodeld */; };
		A0F6567B2C8B9010002BF7D5 /* VipToDoerTests.swift in Sources */ = {isa = PBXBuildFile; fileRef = A0F6567A2C8B9010002BF7D5 /* VipToDoerTests.swift */; };
		A0F656852C8B9010002BF7D5 /* VipToDoerUITests.swift in Sources */ = {isa = PBXBuildFile; fileRef = A0F656842C8B9010002BF7D5 /* VipToDoerUITests.swift */; };
		A0F656872C8B9010002BF7D5 /* VipToDoerUITestsLaunchTests.swift in Sources */ = {isa = PBXBuildFile; fileRef = A0F656862C8B9010002BF7D5 /* VipToDoerUITestsLaunchTests.swift */; };
		A0F656952C8B9229002BF7D5 /* Home.swift in Sources */ = {isa = PBXBuildFile; fileRef = A0F656942C8B9229002BF7D5 /* Home.swift */; };
		A0F656972C8B97B7002BF7D5 /* CustomFilteringDataView.swift in Sources */ = {isa = PBXBuildFile; fileRef = A0F656962C8B97B7002BF7D5 /* CustomFilteringDataView.swift */; };
/* End PBXBuildFile section */

/* Begin PBXContainerItemProxy section */
		A0F656772C8B9010002BF7D5 /* PBXContainerItemProxy */ = {
			isa = PBXContainerItemProxy;
			containerPortal = A0F656592C8B900F002BF7D5 /* Project object */;
			proxyType = 1;
			remoteGlobalIDString = A0F656602C8B900F002BF7D5;
			remoteInfo = VipToDoer;
		};
		A0F656812C8B9010002BF7D5 /* PBXContainerItemProxy */ = {
			isa = PBXContainerItemProxy;
			containerPortal = A0F656592C8B900F002BF7D5 /* Project object */;
			proxyType = 1;
			remoteGlobalIDString = A0F656602C8B900F002BF7D5;
			remoteInfo = VipToDoer;
		};
/* End PBXContainerItemProxy section */

/* Begin PBXFileReference section */
		A0F656612C8B900F002BF7D5 /* VipToDoer.app */ = {isa = PBXFileReference; explicitFileType = wrapper.application; includeInIndex = 0; path = VipToDoer.app; sourceTree = BUILT_PRODUCTS_DIR; };
		A0F656642C8B900F002BF7D5 /* VipToDoerApp.swift */ = {isa = PBXFileReference; lastKnownFileType = sourcecode.swift; path = VipToDoerApp.swift; sourceTree = "<group>"; };
		A0F656662C8B900F002BF7D5 /* ContentView.swift */ = {isa = PBXFileReference; lastKnownFileType = sourcecode.swift; path = ContentView.swift; sourceTree = "<group>"; };
		A0F656682C8B9010002BF7D5 /* Assets.xcassets */ = {isa = PBXFileReference; lastKnownFileType = folder.assetcatalog; path = Assets.xcassets; sourceTree = "<group>"; };
		A0F6566B2C8B9010002BF7D5 /* Preview Assets.xcassets */ = {isa = PBXFileReference; lastKnownFileType = folder.assetcatalog; path = "Preview Assets.xcassets"; sourceTree = "<group>"; };
		A0F6566D2C8B9010002BF7D5 /* Persistence.swift */ = {isa = PBXFileReference; lastKnownFileType = sourcecode.swift; path = Persistence.swift; sourceTree = "<group>"; };
		A0F656702C8B9010002BF7D5 /* VipToDoer.xcdatamodel */ = {isa = PBXFileReference; lastKnownFileType = wrapper.xcdatamodel; path = VipToDoer.xcdatamodel; sourceTree = "<group>"; };
		A0F656762C8B9010002BF7D5 /* VipToDoerTests.xctest */ = {isa = PBXFileReference; explicitFileType = wrapper.cfbundle; includeInIndex = 0; path = VipToDoerTests.xctest; sourceTree = BUILT_PRODUCTS_DIR; };
		A0F6567A2C8B9010002BF7D5 /* VipToDoerTests.swift */ = {isa = PBXFileReference; lastKnownFileType = sourcecode.swift; path = VipToDoerTests.swift; sourceTree = "<group>"; };
		A0F656802C8B9010002BF7D5 /* VipToDoerUITests.xctest */ = {isa = PBXFileReference; explicitFileType = wrapper.cfbundle; includeInIndex = 0; path = VipToDoerUITests.xctest; sourceTree = BUILT_PRODUCTS_DIR; };
		A0F656842C8B9010002BF7D5 /* VipToDoerUITests.swift */ = {isa = PBXFileReference; lastKnownFileType = sourcecode.swift; path = VipToDoerUITests.swift; sourceTree = "<group>"; };
		A0F656862C8B9010002BF7D5 /* VipToDoerUITestsLaunchTests.swift */ = {isa = PBXFileReference; lastKnownFileType = sourcecode.swift; path = VipToDoerUITestsLaunchTests.swift; sourceTree = "<group>"; };
		A0F656942C8B9229002BF7D5 /* Home.swift */ = {isa = PBXFileReference; lastKnownFileType = sourcecode.swift; path = Home.swift; sourceTree = "<group>"; };
		A0F656962C8B97B7002BF7D5 /* CustomFilteringDataView.swift */ = {isa = PBXFileReference; lastKnownFileType = sourcecode.swift; path = CustomFilteringDataView.swift; sourceTree = "<group>"; };
/* End PBXFileReference section */

/* Begin PBXFrameworksBuildPhase section */
		A0F6565E2C8B900F002BF7D5 /* Frameworks */ = {
			isa = PBXFrameworksBuildPhase;
			buildActionMask = 2147483647;
			files = (
			);
			runOnlyForDeploymentPostprocessing = 0;
		};
		A0F656732C8B9010002BF7D5 /* Frameworks */ = {
			isa = PBXFrameworksBuildPhase;
			buildActionMask = 2147483647;
			files = (
			);
			runOnlyForDeploymentPostprocessing = 0;
		};
		A0F6567D2C8B9010002BF7D5 /* Frameworks */ = {
			isa = PBXFrameworksBuildPhase;
			buildActionMask = 2147483647;
			files = (
			);
			runOnlyForDeploymentPostprocessing = 0;
		};
/* End PBXFrameworksBuildPhase section */

/* Begin PBXGroup section */
		A0F656582C8B900F002BF7D5 = {
			isa = PBXGroup;
			children = (
				A0F656632C8B900F002BF7D5 /* VipToDoer */,
				A0F656792C8B9010002BF7D5 /* VipToDoerTests */,
				A0F656832C8B9010002BF7D5 /* VipToDoerUITests */,
				A0F656622C8B900F002BF7D5 /* Products */,
			);
			sourceTree = "<group>";
		};
		A0F656622C8B900F002BF7D5 /* Products */ = {
			isa = PBXGroup;
			children = (
				A0F656612C8B900F002BF7D5 /* VipToDoer.app */,
				A0F656762C8B9010002BF7D5 /* VipToDoerTests.xctest */,
				A0F656802C8B9010002BF7D5 /* VipToDoerUITests.xctest */,
			);
			name = Products;
			sourceTree = "<group>";
		};
		A0F656632C8B900F002BF7D5 /* VipToDoer */ = {
			isa = PBXGroup;
			children = (
				A0F656932C8B9213002BF7D5 /* View */,
				A0F656642C8B900F002BF7D5 /* VipToDoerApp.swift */,
				A0F656662C8B900F002BF7D5 /* ContentView.swift */,
				A0F656682C8B9010002BF7D5 /* Assets.xcassets */,
				A0F6566D2C8B9010002BF7D5 /* Persistence.swift */,
				A0F6566F2C8B9010002BF7D5 /* VipToDoer.xcdatamodeld */,
				A0F6566A2C8B9010002BF7D5 /* Preview Content */,
			);
			path = VipToDoer;
			sourceTree = "<group>";
		};
		A0F6566A2C8B9010002BF7D5 /* Preview Content */ = {
			isa = PBXGroup;
			children = (
				A0F6566B2C8B9010002BF7D5 /* Preview Assets.xcassets */,
			);
			path = "Preview Content";
			sourceTree = "<group>";
		};
		A0F656792C8B9010002BF7D5 /* VipToDoerTests */ = {
			isa = PBXGroup;
			children = (
				A0F6567A2C8B9010002BF7D5 /* VipToDoerTests.swift */,
			);
			path = VipToDoerTests;
			sourceTree = "<group>";
		};
		A0F656832C8B9010002BF7D5 /* VipToDoerUITests */ = {
			isa = PBXGroup;
			children = (
				A0F656842C8B9010002BF7D5 /* VipToDoerUITests.swift */,
				A0F656862C8B9010002BF7D5 /* VipToDoerUITestsLaunchTests.swift */,
			);
			path = VipToDoerUITests;
			sourceTree = "<group>";
		};
		A0F656932C8B9213002BF7D5 /* View */ = {
			isa = PBXGroup;
			children = (
				A0F656942C8B9229002BF7D5 /* Home.swift */,
				A0F656962C8B97B7002BF7D5 /* CustomFilteringDataView.swift */,
			);
			path = View;
			sourceTree = "<group>";
		};
/* End PBXGroup section */

/* Begin PBXNativeTarget section */
		A0F656602C8B900F002BF7D5 /* VipToDoer */ = {
			isa = PBXNativeTarget;
			buildConfigurationList = A0F6568A2C8B9010002BF7D5 /* Build configuration list for PBXNativeTarget "VipToDoer" */;
			buildPhases = (
				A0F6565D2C8B900F002BF7D5 /* Sources */,
				A0F6565E2C8B900F002BF7D5 /* Frameworks */,
				A0F6565F2C8B900F002BF7D5 /* Resources */,
			);
			buildRules = (
			);
			dependencies = (
			);
			name = VipToDoer;
			productName = VipToDoer;
			productReference = A0F656612C8B900F002BF7D5 /* VipToDoer.app */;
			productType = "com.apple.product-type.application";
		};
		A0F656752C8B9010002BF7D5 /* VipToDoerTests */ = {
			isa = PBXNativeTarget;
			buildConfigurationList = A0F6568D2C8B9010002BF7D5 /* Build configuration list for PBXNativeTarget "VipToDoerTests" */;
			buildPhases = (
				A0F656722C8B9010002BF7D5 /* Sources */,
				A0F656732C8B9010002BF7D5 /* Frameworks */,
				A0F656742C8B9010002BF7D5 /* Resources */,
			);
			buildRules = (
			);
			dependencies = (
				A0F656782C8B9010002BF7D5 /* PBXTargetDependency */,
			);
			name = VipToDoerTests;
			productName = VipToDoerTests;
			productReference = A0F656762C8B9010002BF7D5 /* VipToDoerTests.xctest */;
			productType = "com.apple.product-type.bundle.unit-test";
		};
		A0F6567F2C8B9010002BF7D5 /* VipToDoerUITests */ = {
			isa = PBXNativeTarget;
			buildConfigurationList = A0F656902C8B9010002BF7D5 /* Build configuration list for PBXNativeTarget "VipToDoerUITests" */;
			buildPhases = (
				A0F6567C2C8B9010002BF7D5 /* Sources */,
				A0F6567D2C8B9010002BF7D5 /* Frameworks */,
				A0F6567E2C8B9010002BF7D5 /* Resources */,
			);
			buildRules = (
			);
			dependencies = (
				A0F656822C8B9010002BF7D5 /* PBXTargetDependency */,
			);
			name = VipToDoerUITests;
			productName = VipToDoerUITests;
			productReference = A0F656802C8B9010002BF7D5 /* VipToDoerUITests.xctest */;
			productType = "com.apple.product-type.bundle.ui-testing";
		};
/* End PBXNativeTarget section */

/* Begin PBXProject section */
		A0F656592C8B900F002BF7D5 /* Project object */ = {
			isa = PBXProject;
			attributes = {
				BuildIndependentTargetsInParallel = 1;
				LastSwiftUpdateCheck = 1420;
				LastUpgradeCheck = 1420;
				TargetAttributes = {
					A0F656602C8B900F002BF7D5 = {
						CreatedOnToolsVersion = 14.2;
					};
					A0F656752C8B9010002BF7D5 = {
						CreatedOnToolsVersion = 14.2;
						TestTargetID = A0F656602C8B900F002BF7D5;
					};
					A0F6567F2C8B9010002BF7D5 = {
						CreatedOnToolsVersion = 14.2;
						TestTargetID = A0F656602C8B900F002BF7D5;
					};
				};
			};
			buildConfigurationList = A0F6565C2C8B900F002BF7D5 /* Build configuration list for PBXProject "VipToDoer" */;
			compatibilityVersion = "Xcode 14.0";
			developmentRegion = en;
			hasScannedForEncodings = 0;
			knownRegions = (
				en,
				Base,
			);
			mainGroup = A0F656582C8B900F002BF7D5;
			productRefGroup = A0F656622C8B900F002BF7D5 /* Products */;
			projectDirPath = "";
			projectRoot = "";
			targets = (
				A0F656602C8B900F002BF7D5 /* VipToDoer */,
				A0F656752C8B9010002BF7D5 /* VipToDoerTests */,
				A0F6567F2C8B9010002BF7D5 /* VipToDoerUITests */,
			);
		};
/* End PBXProject section */

/* Begin PBXResourcesBuildPhase section */
		A0F6565F2C8B900F002BF7D5 /* Resources */ = {
			isa = PBXResourcesBuildPhase;
			buildActionMask = 2147483647;
			files = (
				A0F6566C2C8B9010002BF7D5 /* Preview Assets.xcassets in Resources */,
				A0F656692C8B9010002BF7D5 /* Assets.xcassets in Resources */,
			);
			runOnlyForDeploymentPostprocessing = 0;
		};
		A0F656742C8B9010002BF7D5 /* Resources */ = {
			isa = PBXResourcesBuildPhase;
			buildActionMask = 2147483647;
			files = (
			);
			runOnlyForDeploymentPostprocessing = 0;
		};
		A0F6567E2C8B9010002BF7D5 /* Resources */ = {
			isa = PBXResourcesBuildPhase;
			buildActionMask = 2147483647;
			files = (
			);
			runOnlyForDeploymentPostprocessing = 0;
		};
/* End PBXResourcesBuildPhase section */

/* Begin PBXSourcesBuildPhase section */
		A0F6565D2C8B900F002BF7D5 /* Sources */ = {
			isa = PBXSourcesBuildPhase;
			buildActionMask = 2147483647;
			files = (
				A0F6566E2C8B9010002BF7D5 /* Persistence.swift in Sources */,
				A0F656672C8B900F002BF7D5 /* ContentView.swift in Sources */,
				A0F656952C8B9229002BF7D5 /* Home.swift in Sources */,
				A0F656712C8B9010002BF7D5 /* VipToDoer.xcdatamodeld in Sources */,
				A0F656972C8B97B7002BF7D5 /* CustomFilteringDataView.swift in Sources */,
				A0F656652C8B900F002BF7D5 /* VipToDoerApp.swift in Sources */,
			);
			runOnlyForDeploymentPostprocessing = 0;
		};
		A0F656722C8B9010002BF7D5 /* Sources */ = {
			isa = PBXSourcesBuildPhase;
			buildActionMask = 2147483647;
			files = (
				A0F6567B2C8B9010002BF7D5 /* VipToDoerTests.swift in Sources */,
			);
			runOnlyForDeploymentPostprocessing = 0;
		};
		A0F6567C2C8B9010002BF7D5 /* Sources */ = {
			isa = PBXSourcesBuildPhase;
			buildActionMask = 2147483647;
			files = (
				A0F656852C8B9010002BF7D5 /* VipToDoerUITests.swift in Sources */,
				A0F656872C8B9010002BF7D5 /* VipToDoerUITestsLaunchTests.swift in Sources */,
			);
			runOnlyForDeploymentPostprocessing = 0;
		};
/* End PBXSourcesBuildPhase section */

/* Begin PBXTargetDependency section */
		A0F656782C8B9010002BF7D5 /* PBXTargetDependency */ = {
			isa = PBXTargetDependency;
			target = A0F656602C8B900F002BF7D5 /* VipToDoer */;
			targetProxy = A0F656772C8B9010002BF7D5 /* PBXContainerItemProxy */;
		};
		A0F656822C8B9010002BF7D5 /* PBXTargetDependency */ = {
			isa = PBXTargetDependency;
			target = A0F656602C8B900F002BF7D5 /* VipToDoer */;
			targetProxy = A0F656812C8B9010002BF7D5 /* PBXContainerItemProxy */;
		};
/* End PBXTargetDependency section */

/* Begin XCBuildConfiguration section */
		A0F656882C8B9010002BF7D5 /* Debug */ = {
			isa = XCBuildConfiguration;
			buildSettings = {
				ALWAYS_SEARCH_USER_PATHS = NO;
				CLANG_ANALYZER_NONNULL = YES;
				CLANG_ANALYZER_NUMBER_OBJECT_CONVERSION = YES_AGGRESSIVE;
				CLANG_CXX_LANGUAGE_STANDARD = "gnu++20";
				CLANG_ENABLE_MODULES = YES;
				CLANG_ENABLE_OBJC_ARC = YES;
				CLANG_ENABLE_OBJC_WEAK = YES;
				CLANG_WARN_BLOCK_CAPTURE_AUTORELEASING = YES;
				CLANG_WARN_BOOL_CONVERSION = YES;
				CLANG_WARN_COMMA = YES;
				CLANG_WARN_CONSTANT_CONVERSION = YES;
				CLANG_WARN_DEPRECATED_OBJC_IMPLEMENTATIONS = YES;
				CLANG_WARN_DIRECT_OBJC_ISA_USAGE = YES_ERROR;
				CLANG_WARN_DOCUMENTATION_COMMENTS = YES;
				CLANG_WARN_EMPTY_BODY = YES;
				CLANG_WARN_ENUM_CONVERSION = YES;
				CLANG_WARN_INFINITE_RECURSION = YES;
				CLANG_WARN_INT_CONVERSION = YES;
				CLANG_WARN_NON_LITERAL_NULL_CONVERSION = YES;
				CLANG_WARN_OBJC_IMPLICIT_RETAIN_SELF = YES;
				CLANG_WARN_OBJC_LITERAL_CONVERSION = YES;
				CLANG_WARN_OBJC_ROOT_CLASS = YES_ERROR;
				CLANG_WARN_QUOTED_INCLUDE_IN_FRAMEWORK_HEADER = YES;
				CLANG_WARN_RANGE_LOOP_ANALYSIS = YES;
				CLANG_WARN_STRICT_PROTOTYPES = YES;
				CLANG_WARN_SUSPICIOUS_MOVE = YES;
				CLANG_WARN_UNGUARDED_AVAILABILITY = YES_AGGRESSIVE;
				CLANG_WARN_UNREACHABLE_CODE = YES;
				CLANG_WARN__DUPLICATE_METHOD_MATCH = YES;
				COPY_PHASE_STRIP = NO;
				DEBUG_INFORMATION_FORMAT = dwarf;
				ENABLE_STRICT_OBJC_MSGSEND = YES;
				ENABLE_TESTABILITY = YES;
				GCC_C_LANGUAGE_STANDARD = gnu11;
				GCC_DYNAMIC_NO_PIC = NO;
				GCC_NO_COMMON_BLOCKS = YES;
				GCC_OPTIMIZATION_LEVEL = 0;
				GCC_PREPROCESSOR_DEFINITIONS = (
					"DEBUG=1",
					"$(inherited)",
				);
				GCC_WARN_64_TO_32_BIT_CONVERSION = YES;
				GCC_WARN_ABOUT_RETURN_TYPE = YES_ERROR;
				GCC_WARN_UNDECLARED_SELECTOR = YES;
				GCC_WARN_UNINITIALIZED_AUTOS = YES_AGGRESSIVE;
				GCC_WARN_UNUSED_FUNCTION = YES;
				GCC_WARN_UNUSED_VARIABLE = YES;
				IPHONEOS_DEPLOYMENT_TARGET = 16.2;
				MTL_ENABLE_DEBUG_INFO = INCLUDE_SOURCE;
				MTL_FAST_MATH = YES;
				ONLY_ACTIVE_ARCH = YES;
				SDKROOT = iphoneos;
				SWIFT_ACTIVE_COMPILATION_CONDITIONS = DEBUG;
				SWIFT_OPTIMIZATION_LEVEL = "-Onone";
			};
			name = Debug;
		};
		A0F656892C8B9010002BF7D5 /* Release */ = {
			isa = XCBuildConfiguration;
			buildSettings = {
				ALWAYS_SEARCH_USER_PATHS = NO;
				CLANG_ANALYZER_NONNULL = YES;
				CLANG_ANALYZER_NUMBER_OBJECT_CONVERSION = YES_AGGRESSIVE;
				CLANG_CXX_LANGUAGE_STANDARD = "gnu++20";
				CLANG_ENABLE_MODULES = YES;
				CLANG_ENABLE_OBJC_ARC = YES;
				CLANG_ENABLE_OBJC_WEAK = YES;
				CLANG_WARN_BLOCK_CAPTURE_AUTORELEASING = YES;
				CLANG_WARN_BOOL_CONVERSION = YES;
				CLANG_WARN_COMMA = YES;
				CLANG_WARN_CONSTANT_CONVERSION = YES;
				CLANG_WARN_DEPRECATED_OBJC_IMPLEMENTATIONS = YES;
				CLANG_WARN_DIRECT_OBJC_ISA_USAGE = YES_ERROR;
				CLANG_WARN_DOCUMENTATION_COMMENTS = YES;
				CLANG_WARN_EMPTY_BODY = YES;
				CLANG_WARN_ENUM_CONVERSION = YES;
				CLANG_WARN_INFINITE_RECURSION = YES;
				CLANG_WARN_INT_CONVERSION = YES;
				CLANG_WARN_NON_LITERAL_NULL_CONVERSION = YES;
				CLANG_WARN_OBJC_IMPLICIT_RETAIN_SELF = YES;
				CLANG_WARN_OBJC_LITERAL_CONVERSION = YES;
				CLANG_WARN_OBJC_ROOT_CLASS = YES_ERROR;
				CLANG_WARN_QUOTED_INCLUDE_IN_FRAMEWORK_HEADER = YES;
				CLANG_WARN_RANGE_LOOP_ANALYSIS = YES;
				CLANG_WARN_STRICT_PROTOTYPES = YES;
				CLANG_WARN_SUSPICIOUS_MOVE = YES;
				CLANG_WARN_UNGUARDED_AVAILABILITY = YES_AGGRESSIVE;
				CLANG_WARN_UNREACHABLE_CODE = YES;
				CLANG_WARN__DUPLICATE_METHOD_MATCH = YES;
				COPY_PHASE_STRIP = NO;
				DEBUG_INFORMATION_FORMAT = "dwarf-with-dsym";
				ENABLE_NS_ASSERTIONS = NO;
				ENABLE_STRICT_OBJC_MSGSEND = YES;
				GCC_C_LANGUAGE_STANDARD = gnu11;
				GCC_NO_COMMON_BLOCKS = YES;
				GCC_WARN_64_TO_32_BIT_CONVERSION = YES;
				GCC_WARN_ABOUT_RETURN_TYPE = YES_ERROR;
				GCC_WARN_UNDECLARED_SELECTOR = YES;
				GCC_WARN_UNINITIALIZED_AUTOS = YES_AGGRESSIVE;
				GCC_WARN_UNUSED_FUNCTION = YES;
				GCC_WARN_UNUSED_VARIABLE = YES;
				IPHONEOS_DEPLOYMENT_TARGET = 16.2;
				MTL_ENABLE_DEBUG_INFO = NO;
				MTL_FAST_MATH = YES;
				SDKROOT = iphoneos;
				SWIFT_COMPILATION_MODE = wholemodule;
				SWIFT_OPTIMIZATION_LEVEL = "-O";
				VALIDATE_PRODUCT = YES;
			};
			name = Release;
		};
		A0F6568B2C8B9010002BF7D5 /* Debug */ = {
			isa = XCBuildConfiguration;
			buildSettings = {
				ASSETCATALOG_COMPILER_APPICON_NAME = AppIcon;
				ASSETCATALOG_COMPILER_GLOBAL_ACCENT_COLOR_NAME = AccentColor;
				CODE_SIGN_STYLE = Automatic;
				CURRENT_PROJECT_VERSION = 1;
				DEVELOPMENT_ASSET_PATHS = "\"VipToDoer/Preview Content\"";
				DEVELOPMENT_TEAM = 7TQLZFHBG5;
				ENABLE_PREVIEWS = YES;
				GENERATE_INFOPLIST_FILE = YES;
				INFOPLIST_KEY_UIApplicationSceneManifest_Generation = YES;
				INFOPLIST_KEY_UIApplicationSupportsIndirectInputEvents = YES;
				INFOPLIST_KEY_UILaunchScreen_Generation = YES;
				INFOPLIST_KEY_UISupportedInterfaceOrientations_iPad = "UIInterfaceOrientationPortrait UIInterfaceOrientationPortraitUpsideDown UIInterfaceOrientationLandscapeLeft UIInterfaceOrientationLandscapeRight";
				INFOPLIST_KEY_UISupportedInterfaceOrientations_iPhone = "UIInterfaceOrientationPortrait UIInterfaceOrientationLandscapeLeft UIInterfaceOrientationLandscapeRight";
				LD_RUNPATH_SEARCH_PATHS = (
					"$(inherited)",
					"@executable_path/Frameworks",
				);
				MARKETING_VERSION = 1.0;
				PRODUCT_BUNDLE_IDENTIFIER = MochaFresh.VipToDoer;
				PRODUCT_NAME = "$(TARGET_NAME)";
				SWIFT_EMIT_LOC_STRINGS = YES;
				SWIFT_VERSION = 5.0;
				TARGETED_DEVICE_FAMILY = "1,2";
			};
			name = Debug;
		};
		A0F6568C2C8B9010002BF7D5 /* Release */ = {
			isa = XCBuildConfiguration;
			buildSettings = {
				ASSETCATALOG_COMPILER_APPICON_NAME = AppIcon;
				ASSETCATALOG_COMPILER_GLOBAL_ACCENT_COLOR_NAME = AccentColor;
				CODE_SIGN_STYLE = Automatic;
				CURRENT_PROJECT_VERSION = 1;
				DEVELOPMENT_ASSET_PATHS = "\"VipToDoer/Preview Content\"";
				DEVELOPMENT_TEAM = 7TQLZFHBG5;
				ENABLE_PREVIEWS = YES;
				GENERATE_INFOPLIST_FILE = YES;
				INFOPLIST_KEY_UIApplicationSceneManifest_Generation = YES;
				INFOPLIST_KEY_UIApplicationSupportsIndirectInputEvents = YES;
				INFOPLIST_KEY_UILaunchScreen_Generation = YES;
				INFOPLIST_KEY_UISupportedInterfaceOrientations_iPad = "UIInterfaceOrientationPortrait UIInterfaceOrientationPortraitUpsideDown UIInterfaceOrientationLandscapeLeft UIInterfaceOrientationLandscapeRight";
				INFOPLIST_KEY_UISupportedInterfaceOrientations_iPhone = "UIInterfaceOrientationPortrait UIInterfaceOrientationLandscapeLeft UIInterfaceOrientationLandscapeRight";
				LD_RUNPATH_SEARCH_PATHS = (
					"$(inherited)",
					"@executable_path/Frameworks",
				);
				MARKETING_VERSION = 1.0;
				PRODUCT_BUNDLE_IDENTIFIER = MochaFresh.VipToDoer;
				PRODUCT_NAME = "$(TARGET_NAME)";
				SWIFT_EMIT_LOC_STRINGS = YES;
				SWIFT_VERSION = 5.0;
				TARGETED_DEVICE_FAMILY = "1,2";
			};
			name = Release;
		};
		A0F6568E2C8B9010002BF7D5 /* Debug */ = {
			isa = XCBuildConfiguration;
			buildSettings = {
				ALWAYS_EMBED_SWIFT_STANDARD_LIBRARIES = YES;
				BUNDLE_LOADER = "$(TEST_HOST)";
				CODE_SIGN_STYLE = Automatic;
				CURRENT_PROJECT_VERSION = 1;
				DEVELOPMENT_TEAM = 7TQLZFHBG5;
				GENERATE_INFOPLIST_FILE = YES;
				IPHONEOS_DEPLOYMENT_TARGET = 16.2;
				MARKETING_VERSION = 1.0;
				PRODUCT_BUNDLE_IDENTIFIER = MochaFresh.VipToDoerTests;
				PRODUCT_NAME = "$(TARGET_NAME)";
				SWIFT_EMIT_LOC_STRINGS = NO;
				SWIFT_VERSION = 5.0;
				TARGETED_DEVICE_FAMILY = "1,2";
				TEST_HOST = "$(BUILT_PRODUCTS_DIR)/VipToDoer.app/$(BUNDLE_EXECUTABLE_FOLDER_PATH)/VipToDoer";
			};
			name = Debug;
		};
		A0F6568F2C8B9010002BF7D5 /* Release */ = {
			isa = XCBuildConfiguration;
			buildSettings = {
				ALWAYS_EMBED_SWIFT_STANDARD_LIBRARIES = YES;
				BUNDLE_LOADER = "$(TEST_HOST)";
				CODE_SIGN_STYLE = Automatic;
				CURRENT_PROJECT_VERSION = 1;
				DEVELOPMENT_TEAM = 7TQLZFHBG5;
				GENERATE_INFOPLIST_FILE = YES;
				IPHONEOS_DEPLOYMENT_TARGET = 16.2;
				MARKETING_VERSION = 1.0;
				PRODUCT_BUNDLE_IDENTIFIER = MochaFresh.VipToDoerTests;
				PRODUCT_NAME = "$(TARGET_NAME)";
				SWIFT_EMIT_LOC_STRINGS = NO;
				SWIFT_VERSION = 5.0;
				TARGETED_DEVICE_FAMILY = "1,2";
				TEST_HOST = "$(BUILT_PRODUCTS_DIR)/VipToDoer.app/$(BUNDLE_EXECUTABLE_FOLDER_PATH)/VipToDoer";
			};
			name = Release;
		};
		A0F656912C8B9010002BF7D5 /* Debug */ = {
			isa = XCBuildConfiguration;
			buildSettings = {
				ALWAYS_EMBED_SWIFT_STANDARD_LIBRARIES = YES;
				CODE_SIGN_STYLE = Automatic;
				CURRENT_PROJECT_VERSION = 1;
				DEVELOPMENT_TEAM = 7TQLZFHBG5;
				GENERATE_INFOPLIST_FILE = YES;
				MARKETING_VERSION = 1.0;
				PRODUCT_BUNDLE_IDENTIFIER = MochaFresh.VipToDoerUITests;
				PRODUCT_NAME = "$(TARGET_NAME)";
				SWIFT_EMIT_LOC_STRINGS = NO;
				SWIFT_VERSION = 5.0;
				TARGETED_DEVICE_FAMILY = "1,2";
				TEST_TARGET_NAME = VipToDoer;
			};
			name = Debug;
		};
		A0F656922C8B9010002BF7D5 /* Release */ = {
			isa = XCBuildConfiguration;
			buildSettings = {
				ALWAYS_EMBED_SWIFT_STANDARD_LIBRARIES = YES;
				CODE_SIGN_STYLE = Automatic;
				CURRENT_PROJECT_VERSION = 1;
				DEVELOPMENT_TEAM = 7TQLZFHBG5;
				GENERATE_INFOPLIST_FILE = YES;
				MARKETING_VERSION = 1.0;
				PRODUCT_BUNDLE_IDENTIFIER = MochaFresh.VipToDoerUITests;
				PRODUCT_NAME = "$(TARGET_NAME)";
				SWIFT_EMIT_LOC_STRINGS = NO;
				SWIFT_VERSION = 5.0;
				TARGETED_DEVICE_FAMILY = "1,2";
				TEST_TARGET_NAME = VipToDoer;
			};
			name = Release;
		};
/* End XCBuildConfiguration section */

/* Begin XCConfigurationList section */
		A0F6565C2C8B900F002BF7D5 /* Build configuration list for PBXProject "VipToDoer" */ = {
			isa = XCConfigurationList;
			buildConfigurations = (
				A0F656882C8B9010002BF7D5 /* Debug */,
				A0F656892C8B9010002BF7D5 /* Release */,
			);
			defaultConfigurationIsVisible = 0;
			defaultConfigurationName = Release;
		};
		A0F6568A2C8B9010002BF7D5 /* Build configuration list for PBXNativeTarget "VipToDoer" */ = {
			isa = XCConfigurationList;
			buildConfigurations = (
				A0F6568B2C8B9010002BF7D5 /* Debug */,
				A0F6568C2C8B9010002BF7D5 /* Release */,
			);
			defaultConfigurationIsVisible = 0;
			defaultConfigurationName = Release;
		};
		A0F6568D2C8B9010002BF7D5 /* Build configuration list for PBXNativeTarget "VipToDoerTests" */ = {
			isa = XCConfigurationList;
			buildConfigurations = (
				A0F6568E2C8B9010002BF7D5 /* Debug */,
				A0F6568F2C8B9010002BF7D5 /* Release */,
			);
			defaultConfigurationIsVisible = 0;
			defaultConfigurationName = Release;
		};
		A0F656902C8B9010002BF7D5 /* Build configuration list for PBXNativeTarget "VipToDoerUITests" */ = {
			isa = XCConfigurationList;
			buildConfigurations = (
				A0F656912C8B9010002BF7D5 /* Debug */,
				A0F656922C8B9010002BF7D5 /* Release */,
			);
			defaultConfigurationIsVisible = 0;
			defaultConfigurationName = Release;
		};
/* End XCConfigurationList section */

/* Begin XCVersionGroup section */
		A0F6566F2C8B9010002BF7D5 /* VipToDoer.xcdatamodeld */ = {
			isa = XCVersionGroup;
			children = (
				A0F656702C8B9010002BF7D5 /* VipToDoer.xcdatamodel */,
			);
			currentVersion = A0F656702C8B9010002BF7D5 /* VipToDoer.xcdatamodel */;
			path = VipToDoer.xcdatamodeld;
			sourceTree = "<group>";
			versionGroupType = wrapper.xcdatamodel;
		};
/* End XCVersionGroup section */
	};
	rootObject = A0F656592C8B900F002BF7D5 /* Project object */;
}
